<?xml version="1.0" encoding="utf-8"?>
<Project ToolsVersion="4.0" xmlns="http://schemas.microsoft.com/developer/msbuild/2003">
  <ItemGroup>
    <Filter Include="Generated Files">
      <UniqueIdentifier>{71ED8ED8-ACB9-4CE9-BBE1-E00B30144E11}</UniqueIdentifier>
      <Extensions>moc;h;cpp</Extensions>
      <SourceControlFiles>False</SourceControlFiles>
    </Filter>
    <Filter Include="Main Files">
      <UniqueIdentifier>{93995380-89BD-4b04-88EB-625FBE52EBFB}</UniqueIdentifier>
      <Extensions>h</Extensions>
    </Filter>
    <Filter Include="VBO">
      <UniqueIdentifier>{913bfa14-8c31-4c5a-88e0-163abb95c127}</UniqueIdentifier>
    </Filter>
    <Filter Include="Shaders">
      <UniqueIdentifier>{5c6004d4-1f9a-4529-83a5-ad2c9e525184}</UniqueIdentifier>
    </Filter>
    <Filter Include="Layer">
      <UniqueIdentifier>{fc872b3d-94fa-482b-aef6-906bc5578be5}</UniqueIdentifier>
    </Filter>
    <Filter Include="PM">
      <UniqueIdentifier>{6fffa951-7898-48b0-b03e-6c23ee57fd30}</UniqueIdentifier>
    </Filter>
    <Filter Include="PM\RoadGraph">
      <UniqueIdentifier>{82794fcf-0c02-4739-b4be-26a9ec779360}</UniqueIdentifier>
    </Filter>
    <Filter Include="PM\PM">
      <UniqueIdentifier>{fdc6eaba-009d-4bcf-a3db-a1377e579d78}</UniqueIdentifier>
    </Filter>
    <Filter Include="PM\Geometry">
      <UniqueIdentifier>{b566e5ea-a79f-447a-b6ee-a2567709a82c}</UniqueIdentifier>
    </Filter>
    <Filter Include="PM\misctools">
      <UniqueIdentifier>{9d6dd0d4-cdbf-46e2-aa97-b49c967ad920}</UniqueIdentifier>
    </Filter>
    <Filter Include="triangle">
      <UniqueIdentifier>{cd7c089e-fdbd-4f5a-886b-9e9fbe2b4cf1}</UniqueIdentifier>
    </Filter>
    <Filter Include="Models">
      <UniqueIdentifier>{577863f4-de6d-4ef0-b159-03831e5ca5cf}</UniqueIdentifier>
    </Filter>
    <Filter Include="Models\nvModels">
      <UniqueIdentifier>{002ab6fd-04b0-4998-a8ba-d53815c8e772}</UniqueIdentifier>
    </Filter>
    <Filter Include="Traffic">
      <UniqueIdentifier>{7268ea49-6588-489b-baf6-c08a00d5039c}</UniqueIdentifier>
    </Filter>
    <Filter Include="RoadGraph Loaders">
      <UniqueIdentifier>{e1b278c8-65f5-4f1a-b894-3a11f345bfcd}</UniqueIdentifier>
    </Filter>
    <Filter Include="Traffic B2014">
      <UniqueIdentifier>{d3b2c653-5d40-41a1-8dd7-0c2aa071c960}</UniqueIdentifier>
    </Filter>
  </ItemGroup>
  <ItemGroup>
    <ClInclude Include="LC_GLWidget3D.h">
      <Filter>Main Files</Filter>
    </ClInclude>
    <ClInclude Include="VBOSkyBox.h">
      <Filter>VBO</Filter>
    </ClInclude>
    <ClInclude Include="VBORenderManager.h">
      <Filter>VBO</Filter>
    </ClInclude>
    <ClInclude Include="VBOShader.h">
      <Filter>VBO</Filter>
    </ClInclude>
    <ClInclude Include="VBOUtil.h">
      <Filter>VBO</Filter>
    </ClInclude>
    <ClInclude Include="LC_camera_3d.h">
      <Filter>Main Files</Filter>
    </ClInclude>
    <ClInclude Include="VBOTerrain.h">
      <Filter>VBO</Filter>
    </ClInclude>
    <ClInclude Include="LC_Layer.h">
      <Filter>Layer</Filter>
    </ClInclude>
    <ClInclude Include="VBOWater.h">
      <Filter>VBO</Filter>
    </ClInclude>
    <ClInclude Include="RoadGraph\roadGraphVertex.h">
      <Filter>PM\RoadGraph</Filter>
    </ClInclude>
    <ClInclude Include="RoadGraph\roadGraph.h">
      <Filter>PM\RoadGraph</Filter>
    </ClInclude>
    <ClInclude Include="RoadGraph\roadGraphEdge.h">
      <Filter>PM\RoadGraph</Filter>
    </ClInclude>
    <ClInclude Include="PM\pmBlocks.h">
      <Filter>PM\PM</Filter>
    </ClInclude>
    <ClInclude Include="PM\pmBuildings.h">
      <Filter>PM\PM</Filter>
    </ClInclude>
    <ClInclude Include="PM\pmMain.h">
      <Filter>PM\PM</Filter>
    </ClInclude>
    <ClInclude Include="PM\pmParcels.h">
      <Filter>PM\PM</Filter>
    </ClInclude>
    <ClInclude Include="PM\pmRoads.h">
      <Filter>PM\PM</Filter>
    </ClInclude>
    <ClInclude Include="Geometry\zone.h">
      <Filter>PM\Geometry</Filter>
    </ClInclude>
    <ClInclude Include="Geometry\block.h">
      <Filter>PM\Geometry</Filter>
    </ClInclude>
    <ClInclude Include="Geometry\building.h">
      <Filter>PM\Geometry</Filter>
    </ClInclude>
    <ClInclude Include="Geometry\client_geometry.h">
      <Filter>PM\Geometry</Filter>
    </ClInclude>
    <ClInclude Include="Geometry\parcel.h">
      <Filter>PM\Geometry</Filter>
    </ClInclude>
    <ClInclude Include="Geometry\placeTypeInstances.h">
      <Filter>PM\Geometry</Filter>
    </ClInclude>
    <ClInclude Include="misctools\bounding_box.h">
      <Filter>PM\misctools</Filter>
    </ClInclude>
    <ClInclude Include="misctools\common.h">
      <Filter>PM\misctools</Filter>
    </ClInclude>
    <ClInclude Include="misctools\misctools.h">
      <Filter>PM\misctools</Filter>
    </ClInclude>
    <ClInclude Include="misctools\polygon_3D.h">
      <Filter>PM\misctools</Filter>
    </ClInclude>
    <ClInclude Include="VBORoadGraph.h">
      <Filter>VBO</Filter>
    </ClInclude>
    <ClInclude Include="VBOBlocks.h">
      <Filter>VBO</Filter>
    </ClInclude>
    <ClInclude Include="triangle\triangle.h">
      <Filter>triangle</Filter>
    </ClInclude>
    <ClInclude Include="VBOBuilding.h">
      <Filter>VBO</Filter>
    </ClInclude>
    <ClInclude Include="LC_GLWidget3D_Shadows.h">
      <Filter>Main Files</Filter>
    </ClInclude>
    <ClInclude Include="nvModel\nvMath.h">
      <Filter>Models\nvModels</Filter>
    </ClInclude>
    <ClInclude Include="nvModel\nvMatrix.h">
      <Filter>Models\nvModels</Filter>
    </ClInclude>
    <ClInclude Include="nvModel\nvModel.h">
      <Filter>Models\nvModels</Filter>
    </ClInclude>
    <ClInclude Include="nvModel\nvQuaternion.h">
      <Filter>Models\nvModels</Filter>
    </ClInclude>
    <ClInclude Include="nvModel\nvVector.h">
      <Filter>Models\nvModels</Filter>
    </ClInclude>
    <ClInclude Include="VBOModel_StreetElements.h">
      <Filter>Models</Filter>
    </ClInclude>
    <ClInclude Include="VBOModel.h">
      <Filter>Models</Filter>
    </ClInclude>
    <ClInclude Include="VBOVegetation.h">
      <Filter>Models</Filter>
    </ClInclude>
    <ClInclude Include="VBOGUI.h">
      <Filter>VBO</Filter>
    </ClInclude>
    <ClInclude Include="global.h">
      <Filter>Main Files</Filter>
    </ClInclude>
    <ClInclude Include="VBOPeopleJobInfoLayer.h">
      <Filter>VBO</Filter>
    </ClInclude>
    <ClInclude Include="traffic\cudaEdgeData.h">
      <Filter>Traffic</Filter>
    </ClInclude>
    <ClInclude Include="traffic\cudaGridPollution.h">
      <Filter>Traffic</Filter>
    </ClInclude>
    <ClInclude Include="traffic\cudaPmTrafficPersonJob.h">
      <Filter>Traffic</Filter>
    </ClInclude>
    <ClInclude Include="traffic\cudaTrafficLaneMap.h">
      <Filter>Traffic</Filter>
    </ClInclude>
    <ClInclude Include="traffic\cudaTrafficPerson.h">
      <Filter>Traffic</Filter>
    </ClInclude>
    <ClInclude Include="traffic\cudaTrafficPersonPath.h">
      <Filter>Traffic</Filter>
    </ClInclude>
    <ClInclude Include="traffic\cudaTrafficPersonShortestPath.h">
      <Filter>Traffic</Filter>
    </ClInclude>
    <ClInclude Include="traffic\cudaTrafficRoutes.h">
      <Filter>Traffic</Filter>
    </ClInclude>
    <ClInclude Include="traffic\cudaTrafficSimulator.h">
      <Filter>Traffic</Filter>
    </ClInclude>
    <ClInclude Include="VBOText.h">
      <Filter>VBO</Filter>
    </ClInclude>
    <ClInclude Include="VBORoadLabels.h">
      <Filter>VBO</Filter>
    </ClInclude>
    <ClInclude Include="bTraffic\bPMTrafficPerson.h">
      <Filter>Traffic B2014</Filter>
    </ClInclude>
    <ClInclude Include="bTraffic\bTrafficDijkstra.h">
      <Filter>Traffic B2014</Filter>
    </ClInclude>
    <ClInclude Include="bTraffic\bTrafficLaneMap.h">
      <Filter>Traffic B2014</Filter>
    </ClInclude>
    <ClInclude Include="bTraffic\bEdgeIntersectionData.h">
      <Filter>Traffic B2014</Filter>
    </ClInclude>
    <ClInclude Include="bTraffic\bTrafficJohnson.h">
      <Filter>Traffic B2014</Filter>
    </ClInclude>
    <ClInclude Include="bTraffic\bTrafficPeople.h">
      <Filter>Traffic B2014</Filter>
    </ClInclude>
    <ClInclude Include="bTraffic\bTrafficConstants.h">
      <Filter>Traffic B2014</Filter>
    </ClInclude>
    <ClInclude Include="bTraffic\bCUDA_trafficSimulator.h">
      <Filter>Traffic B2014</Filter>
    </ClInclude>
    <ClInclude Include="bTraffic\bGenerateTest.h">
      <Filter>Traffic B2014</Filter>
    </ClInclude>
    <ClInclude Include="bTraffic\bTrafficIntersection.h">
      <Filter>Traffic B2014</Filter>
    </ClInclude>
    <ClInclude Include="GeneratedFiles\ui_LC_UrbanMain.h">
      <Filter>Generated Files</Filter>
    </ClInclude>
    <ClInclude Include="roadGraphB2018Loader.h">
      <Filter>RoadGraph Loaders</Filter>
    </ClInclude>
    <ClInclude Include="roadGraphDynameqLoader.h">
      <Filter>RoadGraph Loaders</Filter>
    </ClInclude>
    <ClInclude Include="traffic\b18TrafficSimulator.h">
      <Filter>Traffic</Filter>
    </ClInclude>
    <ClInclude Include="traffic\b18TrafficOD.h">
      <Filter>Traffic</Filter>
    </ClInclude>
    <ClInclude Include="traffic\b18EdgeData.h">
      <Filter>Traffic</Filter>
    </ClInclude>
    <ClInclude Include="traffic\b18TrafficLaneMap.h">
      <Filter>Traffic</Filter>
    </ClInclude>
    <ClInclude Include="traffic\b18TrafficJohnson.h">
      <Filter>Traffic</Filter>
    </ClInclude>
    <ClInclude Include="traffic\b18CommandLineVersion.h">
      <Filter>Traffic</Filter>
    </ClInclude>
    <ClInclude Include="traffic\b18TestSimpleRoadAndOD.h">
      <Filter>Traffic</Filter>
    </ClInclude>
    <ClInclude Include="traffic\b18CUDA_trafficSimulator.h">
      <Filter>Traffic</Filter>
    </ClInclude>
    <ClInclude Include="traffic\b18TrafficPerson.h">
      <Filter>Traffic</Filter>
    </ClInclude>
    <ClInclude Include="traffic\b18TrafficDijkstra.h">
      <Filter>Traffic</Filter>
    </ClInclude>
    <ClInclude Include="traffic\b18GridPollution.h">
      <Filter>Traffic</Filter>
    </ClInclude>
  </ItemGroup>
  <ItemGroup>
    <CustomBuild Include="LC_UrbanMain.h">
      <Filter>Main Files</Filter>
    </CustomBuild>
    <CustomBuild Include="LC_UrbanMain.ui">
      <Filter>Main Files</Filter>
    </CustomBuild>
    <CustomBuild Include="traffic\cudaTrafficDesigner.h">
      <Filter>Traffic</Filter>
    </CustomBuild>
    <CustomBuild Include="traffic\cudaTrafficMCMC.h">
      <Filter>Traffic</Filter>
    </CustomBuild>
    <CustomBuild Include="LC_UrbanMain.qrc">
      <Filter>Main Files</Filter>
    </CustomBuild>
    <CustomBuild Include="bTraffic\bTrafficSimulator.h">
      <Filter>Traffic B2014</Filter>
    </CustomBuild>
    <CustomBuild Include="bTraffic\bCPUTrafficThread.h">
      <Filter>Traffic B2014</Filter>
    </CustomBuild>
  </ItemGroup>
  <ItemGroup>
    <ClCompile Include="LC_GLWidget3D.cpp">
      <Filter>Main Files</Filter>
    </ClCompile>
    <ClCompile Include="LC_main.cpp">
      <Filter>Main Files</Filter>
    </ClCompile>
    <ClCompile Include="LC_UrbanMain.cpp">
      <Filter>Main Files</Filter>
    </ClCompile>
    <ClCompile Include="VBOSkyBox.cpp">
      <Filter>VBO</Filter>
    </ClCompile>
    <ClCompile Include="VBORenderManager.cpp">
      <Filter>VBO</Filter>
    </ClCompile>
    <ClCompile Include="VBOShader.cpp">
      <Filter>VBO</Filter>
    </ClCompile>
    <ClCompile Include="VBOUtil.cpp">
      <Filter>VBO</Filter>
    </ClCompile>
    <ClCompile Include="LC_camera_3d.cpp">
      <Filter>Main Files</Filter>
    </ClCompile>
    <ClCompile Include="VBOTerrain.cpp">
      <Filter>VBO</Filter>
    </ClCompile>
    <ClCompile Include="LC_Layer.cpp">
      <Filter>Layer</Filter>
    </ClCompile>
    <ClCompile Include="VBOWater.cpp">
      <Filter>VBO</Filter>
    </ClCompile>
    <ClCompile Include="RoadGraph\roadGraph.cpp">
      <Filter>PM\RoadGraph</Filter>
    </ClCompile>
    <ClCompile Include="RoadGraph\roadGraphEdge.cpp">
      <Filter>PM\RoadGraph</Filter>
    </ClCompile>
    <ClCompile Include="RoadGraph\roadGraphVertex.cpp">
      <Filter>PM\RoadGraph</Filter>
    </ClCompile>
    <ClCompile Include="PM\pmBlocks.cpp">
      <Filter>PM\PM</Filter>
    </ClCompile>
    <ClCompile Include="PM\pmBuildings.cpp">
      <Filter>PM\PM</Filter>
    </ClCompile>
    <ClCompile Include="PM\pmMain.cpp">
      <Filter>PM\PM</Filter>
    </ClCompile>
    <ClCompile Include="PM\pmParcels.cpp">
      <Filter>PM\PM</Filter>
    </ClCompile>
    <ClCompile Include="PM\pmRoads.cpp">
      <Filter>PM\PM</Filter>
    </ClCompile>
    <ClCompile Include="Geometry\block.cpp">
      <Filter>PM\Geometry</Filter>
    </ClCompile>
    <ClCompile Include="Geometry\building.cpp">
      <Filter>PM\Geometry</Filter>
    </ClCompile>
    <ClCompile Include="Geometry\client_geometry.cpp">
      <Filter>PM\Geometry</Filter>
    </ClCompile>
    <ClCompile Include="Geometry\parcel.cpp">
      <Filter>PM\Geometry</Filter>
    </ClCompile>
    <ClCompile Include="Geometry\placeTypeInstances.cpp">
      <Filter>PM\Geometry</Filter>
    </ClCompile>
    <ClCompile Include="Geometry\zone.cpp">
      <Filter>PM\Geometry</Filter>
    </ClCompile>
    <ClCompile Include="misctools\bounding_box.cpp">
      <Filter>PM\misctools</Filter>
    </ClCompile>
    <ClCompile Include="misctools\misctools.cpp">
      <Filter>PM\misctools</Filter>
    </ClCompile>
    <ClCompile Include="misctools\polygon_3D.cpp">
      <Filter>PM\misctools</Filter>
    </ClCompile>
    <ClCompile Include="VBORoadGraph.cpp">
      <Filter>VBO</Filter>
    </ClCompile>
    <ClCompile Include="VBOBlocks.cpp">
      <Filter>VBO</Filter>
    </ClCompile>
    <ClCompile Include="triangle\triangle.c">
      <Filter>triangle</Filter>
    </ClCompile>
    <ClCompile Include="VBOBuilding.cpp">
      <Filter>VBO</Filter>
    </ClCompile>
    <ClCompile Include="LC_GLWidget3D_Shadows.cpp">
      <Filter>Main Files</Filter>
    </ClCompile>
    <ClCompile Include="nvModel\nvModel.cpp">
      <Filter>Models\nvModels</Filter>
    </ClCompile>
    <ClCompile Include="nvModel\nvModelObj.cpp">
      <Filter>Models\nvModels</Filter>
    </ClCompile>
    <ClCompile Include="nvModel\nvModelQuery.cpp">
      <Filter>Models\nvModels</Filter>
    </ClCompile>
    <ClCompile Include="VBOModel_StreetElements.cpp">
      <Filter>Models</Filter>
    </ClCompile>
    <ClCompile Include="VBOModel.cpp">
      <Filter>Models</Filter>
    </ClCompile>
    <ClCompile Include="VBOVegetation.cpp">
      <Filter>Models</Filter>
    </ClCompile>
    <ClCompile Include="VBOGUI.cpp">
      <Filter>VBO</Filter>
    </ClCompile>
    <ClCompile Include="global.cpp">
      <Filter>Main Files</Filter>
    </ClCompile>
    <ClCompile Include="VBOPeopleJobInfoLayer.cpp">
      <Filter>VBO</Filter>
    </ClCompile>
    <ClCompile Include="traffic\cudaGridPollution.cpp">
      <Filter>Traffic</Filter>
    </ClCompile>
    <ClCompile Include="traffic\cudaPmTrafficPersonJob.cpp">
      <Filter>Traffic</Filter>
    </ClCompile>
    <ClCompile Include="traffic\cudaTrafficDesigner.cpp">
      <Filter>Traffic</Filter>
    </ClCompile>
    <ClCompile Include="traffic\cudaTrafficLaneMap.cpp">
      <Filter>Traffic</Filter>
    </ClCompile>
    <ClCompile Include="traffic\cudaTrafficMCMC.cpp">
      <Filter>Traffic</Filter>
    </ClCompile>
    <ClCompile Include="traffic\cudaTrafficPersonPath.cpp">
      <Filter>Traffic</Filter>
    </ClCompile>
    <ClCompile Include="traffic\cudaTrafficPersonShortestPath.cpp">
      <Filter>Traffic</Filter>
    </ClCompile>
    <ClCompile Include="traffic\cudaTrafficRoutes.cpp">
      <Filter>Traffic</Filter>
    </ClCompile>
    <ClCompile Include="traffic\cudaTrafficSimulator.cpp">
      <Filter>Traffic</Filter>
    </ClCompile>
    <ClCompile Include="VBOText.cpp">
      <Filter>VBO</Filter>
    </ClCompile>
    <ClCompile Include="VBORoadLabels.cpp">
      <Filter>VBO</Filter>
    </ClCompile>
    <ClCompile Include="bTraffic\bTrafficSimulator.cpp">
      <Filter>Traffic B2014</Filter>
    </ClCompile>
    <ClCompile Include="bTraffic\bPMTrafficPerson.cpp">
      <Filter>Traffic B2014</Filter>
    </ClCompile>
    <ClCompile Include="bTraffic\bTrafficDijkstra.cpp">
      <Filter>Traffic B2014</Filter>
    </ClCompile>
    <ClCompile Include="bTraffic\bTrafficLaneMap.cpp">
      <Filter>Traffic B2014</Filter>
    </ClCompile>
    <ClCompile Include="bTraffic\bTrafficJohnson.cpp">
      <Filter>Traffic B2014</Filter>
    </ClCompile>
    <ClCompile Include="bTraffic\bGenerateTest.cpp">
      <Filter>Traffic B2014</Filter>
    </ClCompile>
    <ClCompile Include="bTraffic\bTrafficIntersection.cpp">
      <Filter>Traffic B2014</Filter>
    </ClCompile>
    <ClCompile Include="bTraffic\bCPUTrafficThread.cpp">
      <Filter>Traffic B2014</Filter>
    </ClCompile>
    <ClCompile Include="GeneratedFiles\Release\moc_bCPUTrafficThread.cpp">
      <Filter>Generated Files</Filter>
    </ClCompile>
    <ClCompile Include="GeneratedFiles\Release\moc_bTrafficSimulator.cpp">
      <Filter>Generated Files</Filter>
    </ClCompile>
    <ClCompile Include="GeneratedFiles\Release\moc_LC_UrbanMain.cpp">
      <Filter>Generated Files</Filter>
    </ClCompile>
    <ClCompile Include="roadGraphB2018Loader.cpp">
      <Filter>RoadGraph Loaders</Filter>
    </ClCompile>
    <ClCompile Include="roadGraphDynameqLoader.cpp">
      <Filter>RoadGraph Loaders</Filter>
    </ClCompile>
    <ClCompile Include="traffic\b18TrafficSimulator.cpp">
      <Filter>Traffic</Filter>
    </ClCompile>
    <ClCompile Include="traffic\b18TrafficOD.cpp">
      <Filter>Traffic</Filter>
    </ClCompile>
    <ClCompile Include="traffic\b18TrafficLaneMap.cpp">
      <Filter>Traffic</Filter>
    </ClCompile>
    <ClCompile Include="traffic\b18TrafficJohnson.cpp">
      <Filter>Traffic</Filter>
    </ClCompile>
    <ClCompile Include="traffic\b18CommandLineVersion.cpp">
      <Filter>Traffic</Filter>
    </ClCompile>
    <ClCompile Include="traffic\b18TestSimpleRoadAndOD.cpp">
      <Filter>Traffic</Filter>
    </ClCompile>
    <ClCompile Include="traffic\b18TrafficDijkstra.cpp">
      <Filter>Traffic</Filter>
    </ClCompile>
    <ClCompile Include="traffic\b18GridPollution.cpp">
      <Filter>Traffic</Filter>
    </ClCompile>
  </ItemGroup>
  <ItemGroup>
    <None Include="..\data\shaders\lc_fragment.glsl">
      <Filter>Shaders</Filter>
    </None>
    <None Include="..\data\shaders\lc_vertex.glsl">
      <Filter>Shaders</Filter>
    </None>
  </ItemGroup>
  <ItemGroup>
    <CudaCompile Include="bTraffic\bCUDA_trafficSimulator.cu">
      <Filter>Traffic B2014</Filter>
    </CudaCompile>
    <CudaCompile Include="traffic\b18CUDA_trafficSimulator.cu">
      <Filter>Traffic</Filter>
    </CudaCompile>
  </ItemGroup>
</Project>